
Microsoft Visual Studio Solution File, Format Version 12.00
# Visual Studio Version 17
VisualStudioVersion = 17.0.31903.59
MinimumVisualStudioVersion = 10.0.40219.1
Project("{9A19103F-16F7-4668-BE54-9A1E7A4F7556}") = "BlazorAppDemo", "BlazorAppDemo\BlazorAppDemo.csproj", "{8E95E2A7-4535-45F3-8EC2-EAABF6E9B842}"
EndProject
Project("{9A19103F-16F7-4668-BE54-9A1E7A4F7556}") = "BlazorAppDemo.DataAccess", "BlazorAppDemo.DataAccess\BlazorAppDemo.DataAccess.csproj", "{3159C75A-EABF-4717-959B-F2FC8B25B394}"
EndProject
Global
	GlobalSection(SolutionConfigurationPlatforms) = preSolution
		Debug|Any CPU = Debug|Any CPU
		Release|Any CPU = Release|Any CPU
	EndGlobalSection
	GlobalSection(ProjectConfigurationPlatforms) = postSolution
		{8E95E2A7-4535-45F3-8EC2-EAABF6E9B842}.Debug|Any CPU.ActiveCfg = Debug|Any CPU
		{8E95E2A7-4535-45F3-8EC2-EAABF6E9B842}.Debug|Any CPU.Build.0 = Debug|Any CPU
		{8E95E2A7-4535-45F3-8EC2-EAABF6E9B842}.Release|Any CPU.ActiveCfg = Release|Any CPU
		{8E95E2A7-4535-45F3-8EC2-EAABF6E9B842}.Release|Any CPU.Build.0 = Release|Any CPU
		{3159C75A-EABF-4717-959B-F2FC8B25B394}.Debug|Any CPU.ActiveCfg = Debug|Any CPU
		{3159C75A-EABF-4717-959B-F2FC8B25B394}.Debug|Any CPU.Build.0 = Debug|Any CPU
		{3159C75A-EABF-4717-959B-F2FC8B25B394}.Release|Any CPU.ActiveCfg = Release|Any CPU
		{3159C75A-EABF-4717-959B-F2FC8B25B394}.Release|Any CPU.Build.0 = Release|Any CPU
	EndGlobalSection
	GlobalSection(SolutionProperties) = preSolution
		HideSolutionNode = FALSE
	EndGlobalSection
	GlobalSection(ExtensibilityGlobals) = postSolution
		SolutionGuid = {AA8F43EE-7ECF-4D76-8C9A-7A81C484DF47}
	EndGlobalSection
EndGlobal
